
Microsoft Visual Studio Solution File, Format Version 12.00
# Visual Studio Version 16
VisualStudioVersion = 16.0.29215.179
MinimumVisualStudioVersion = 10.0.40219.1
Project("{FAE04EC0-301F-11D3-BF4B-00C04F79EFBC}") = "WebApplication1", "WebApplication1\WebApplication1.csproj", "{3822D6EA-48A2-46B5-BE34-0EDB23FEB418}"
EndProject
Global
	GlobalSection(SolutionConfigurationPlatforms) = preSolution
		Debug|Any CPU = Debug|Any CPU
		Release|Any CPU = Release|Any CPU
	EndGlobalSection
	GlobalSection(ProjectConfigurationPlatforms) = postSolution
		{3822D6EA-48A2-46B5-BE34-0EDB23FEB418}.Debug|Any CPU.ActiveCfg = Debug|Any CPU
		{3822D6EA-48A2-46B5-BE34-0EDB23FEB418}.Debug|Any CPU.Build.0 = Debug|Any CPU
		{3822D6EA-48A2-46B5-BE34-0EDB23FEB418}.Release|Any CPU.ActiveCfg = Release|Any CPU
		{3822D6EA-48A2-46B5-BE34-0EDB23FEB418}.Release|Any CPU.Build.0 = Release|Any CPU
	EndGlobalSection
	GlobalSection(SolutionProperties) = preSolution
		HideSolutionNode = FALSE
	EndGlobalSection
	GlobalSection(ExtensibilityGlobals) = postSolution
		SolutionGuid = {A97F7A90-6203-4C97-94B7-E36366A76CEB}
	EndGlobalSection
EndGlobal
